
Microsoft Visual Studio Solution File, Format Version 12.00
# Visual Studio Version 17
VisualStudioVersion = 17.3.32929.385
MinimumVisualStudioVersion = 10.0.40219.1
Project("{FAE04EC0-301F-11D3-BF4B-00C04F79EFBC}") = "Lab23", "Lab23\Lab23.csproj", "{D8997811-6AD9-4BCA-AA41-134DFA11ADAA}"
EndProject
Global
	GlobalSection(SolutionConfigurationPlatforms) = preSolution
		Debug|Any CPU = Debug|Any CPU
		Release|Any CPU = Release|Any CPU
	EndGlobalSection
	GlobalSection(ProjectConfigurationPlatforms) = postSolution
		{D8997811-6AD9-4BCA-AA41-134DFA11ADAA}.Debug|Any CPU.ActiveCfg = Debug|Any CPU
		{D8997811-6AD9-4BCA-AA41-134DFA11ADAA}.Debug|Any CPU.Build.0 = Debug|Any CPU
		{D8997811-6AD9-4BCA-AA41-134DFA11ADAA}.Release|Any CPU.ActiveCfg = Release|Any CPU
		{D8997811-6AD9-4BCA-AA41-134DFA11ADAA}.Release|Any CPU.Build.0 = Release|Any CPU
	EndGlobalSection
	GlobalSection(SolutionProperties) = preSolution
		HideSolutionNode = FALSE
	EndGlobalSection
	GlobalSection(ExtensibilityGlobals) = postSolution
		SolutionGuid = {488B912A-8379-44B5-BB1F-F201A97E93BD}
	EndGlobalSection
EndGlobal
